
Microsoft Visual Studio Solution File, Format Version 12.00
# Visual Studio 15
VisualStudioVersion = 15.0.26730.16
MinimumVisualStudioVersion = 10.0.40219.1
Project("{2150E333-8FDC-42A3-9474-1A3956D46DE8}") = ".paket", ".paket", "{20939B46-81DE-4980-B209-D199CA293B47}"
	ProjectSection(SolutionItems) = preProject
		paket.dependencies = paket.dependencies
	EndProjectSection
EndProject
Project("{F2A71F9B-5D33-465A-A702-920D77279786}") = "Lette.VacuumSim3000.Library", "Lette.VacuumSim3000.Library\Lette.VacuumSim3000.Library.fsproj", "{38ED4CCD-2C53-4512-99E7-74197FE27AB8}"
EndProject
Project("{F2A71F9B-5D33-465A-A702-920D77279786}") = "Lette.VacuumSim3000.Console", "Lette.VacuumSim3000.Console\Lette.VacuumSim3000.Console.fsproj", "{CD554CF0-D9A9-4EAA-B296-3D61E3C47365}"
EndProject
Project("{2150E333-8FDC-42A3-9474-1A3956D46DE8}") = "Solution Items", "Solution Items", "{78C63F19-1CBC-438D-9AFB-68D1F90F35D2}"
	ProjectSection(SolutionItems) = preProject
		build.cmd = build.cmd
		build.fsx = build.fsx
		todo.md = todo.md
	EndProjectSection
EndProject
Global
	GlobalSection(SolutionConfigurationPlatforms) = preSolution
		Debug|Any CPU = Debug|Any CPU
		Release|Any CPU = Release|Any CPU
	EndGlobalSection
	GlobalSection(ProjectConfigurationPlatforms) = postSolution
		{38ED4CCD-2C53-4512-99E7-74197FE27AB8}.Debug|Any CPU.ActiveCfg = Debug|Any CPU
		{38ED4CCD-2C53-4512-99E7-74197FE27AB8}.Debug|Any CPU.Build.0 = Debug|Any CPU
		{38ED4CCD-2C53-4512-99E7-74197FE27AB8}.Release|Any CPU.ActiveCfg = Release|Any CPU
		{38ED4CCD-2C53-4512-99E7-74197FE27AB8}.Release|Any CPU.Build.0 = Release|Any CPU
		{CD554CF0-D9A9-4EAA-B296-3D61E3C47365}.Debug|Any CPU.ActiveCfg = Debug|Any CPU
		{CD554CF0-D9A9-4EAA-B296-3D61E3C47365}.Debug|Any CPU.Build.0 = Debug|Any CPU
		{CD554CF0-D9A9-4EAA-B296-3D61E3C47365}.Release|Any CPU.ActiveCfg = Release|Any CPU
		{CD554CF0-D9A9-4EAA-B296-3D61E3C47365}.Release|Any CPU.Build.0 = Release|Any CPU
	EndGlobalSection
	GlobalSection(SolutionProperties) = preSolution
		HideSolutionNode = FALSE
	EndGlobalSection
	GlobalSection(ExtensibilityGlobals) = postSolution
		SolutionGuid = {CA0CFEB6-BD6F-4191-919A-1041B075D67E}
	EndGlobalSection
EndGlobal
